
Microsoft Visual Studio Solution File, Format Version 12.00
# Visual Studio Version 17
VisualStudioVersion = 17.6.33815.320
MinimumVisualStudioVersion = 10.0.40219.1
Project("{FAE04EC0-301F-11D3-BF4B-00C04F79EFBC}") = "EnigMouseSendClient", "EnigMouseSendClient\EnigMouseSendClient.csproj", "{332AB824-C261-4DCA-9300-4F0B6726B85B}"
EndProject
Global
	GlobalSection(SolutionConfigurationPlatforms) = preSolution
		Debug|Any CPU = Debug|Any CPU
		Release|Any CPU = Release|Any CPU
	EndGlobalSection
	GlobalSection(ProjectConfigurationPlatforms) = postSolution
		{332AB824-C261-4DCA-9300-4F0B6726B85B}.Debug|Any CPU.ActiveCfg = Debug|Any CPU
		{332AB824-C261-4DCA-9300-4F0B6726B85B}.Debug|Any CPU.Build.0 = Debug|Any CPU
		{332AB824-C261-4DCA-9300-4F0B6726B85B}.Release|Any CPU.ActiveCfg = Release|Any CPU
		{332AB824-C261-4DCA-9300-4F0B6726B85B}.Release|Any CPU.Build.0 = Release|Any CPU
	EndGlobalSection
	GlobalSection(SolutionProperties) = preSolution
		HideSolutionNode = FALSE
	EndGlobalSection
	GlobalSection(ExtensibilityGlobals) = postSolution
		SolutionGuid = {C812CD59-EFDD-47AE-86FA-A15521706219}
	EndGlobalSection
EndGlobal
