
Microsoft Visual Studio Solution File, Format Version 12.00
# Visual Studio Version 17
VisualStudioVersion = 17.6.33815.320
MinimumVisualStudioVersion = 10.0.40219.1
Project("{9A19103F-16F7-4668-BE54-9A1E7A4F7556}") = "EnigMouseSendClient", "EnigMouseSendClient\EnigMouseSendClient.csproj", "{332AB824-C261-4DCA-9300-4F0B6726B85B}"
EndProject
Global
	GlobalSection(SolutionConfigurationPlatforms) = preSolution
		Debug|x64 = Debug|x64
		Release|x64 = Release|x64
	EndGlobalSection
	GlobalSection(ProjectConfigurationPlatforms) = postSolution
		{332AB824-C261-4DCA-9300-4F0B6726B85B}.Debug|x64.ActiveCfg = Debug|x64
		{332AB824-C261-4DCA-9300-4F0B6726B85B}.Debug|x64.Build.0 = Debug|x64
		{332AB824-C261-4DCA-9300-4F0B6726B85B}.Release|x64.ActiveCfg = Release|x64
		{332AB824-C261-4DCA-9300-4F0B6726B85B}.Release|x64.Build.0 = Release|x64
	EndGlobalSection
	GlobalSection(SolutionProperties) = preSolution
		HideSolutionNode = FALSE
	EndGlobalSection
	GlobalSection(ExtensibilityGlobals) = postSolution
		SolutionGuid = {C812CD59-EFDD-47AE-86FA-A15521706219}
	EndGlobalSection
EndGlobal
